// !$*UTF8*$!
{
	archiveVersion = 1;
	classes = {
	};
	objectVersion = 50;
	objects = {

/* Begin PBXBuildFile section */
		1B35C1E422FE3502006CDC0A /* main.cpp in Sources */ = {isa = PBXBuildFile; fileRef = 1B35C1E322FE3502006CDC0A /* main.cpp */; };
/* End PBXBuildFile section */

/* Begin PBXCopyFilesBuildPhase section */
		1B35C1DE22FE3502006CDC0A /* CopyFiles */ = {
			isa = PBXCopyFilesBuildPhase;
			buildActionMask = 2147483647;
			dstPath = /usr/share/man/man1/;
			dstSubfolderSpec = 0;
			files = (
			);
			runOnlyForDeploymentPostprocessing = 1;
		};
/* End PBXCopyFilesBuildPhase section */

/* Begin PBXFileReference section */
		1B13CA7F230CCA0500997E0A /* ch2example2.cpp */ = {isa = PBXFileReference; lastKnownFileType = sourcecode.cpp.cpp; path = ch2example2.cpp; sourceTree = "<group>"; };
		1B13CA80230CCA0500997E0A /* ch2example2.hpp */ = {isa = PBXFileReference; lastKnownFileType = sourcecode.cpp.h; path = ch2example2.hpp; sourceTree = "<group>"; };
		1B13CA81230CDD4000997E0A /* math.cpp */ = {isa = PBXFileReference; lastKnownFileType = sourcecode.cpp.cpp; path = math.cpp; sourceTree = "<group>"; };
		1B13CA82230CDD4000997E0A /* math.hpp */ = {isa = PBXFileReference; lastKnownFileType = sourcecode.cpp.h; path = math.hpp; sourceTree = "<group>"; };
		1B13CA83230CDF5400997E0A /* ch2example3.cpp */ = {isa = PBXFileReference; lastKnownFileType = sourcecode.cpp.cpp; path = ch2example3.cpp; sourceTree = "<group>"; };
		1B35C1E022FE3502006CDC0A /* C++ Tests */ = {isa = PBXFileReference; explicitFileType = "compiled.mach-o.executable"; includeInIndex = 0; path = "C++ Tests"; sourceTree = BUILT_PRODUCTS_DIR; };
		1B35C1E322FE3502006CDC0A /* main.cpp */ = {isa = PBXFileReference; lastKnownFileType = sourcecode.cpp.cpp; path = main.cpp; sourceTree = "<group>"; };
		1B35C1EA22FE5CFD006CDC0A /* ch1exercise1.cpp */ = {isa = PBXFileReference; lastKnownFileType = sourcecode.cpp.cpp; path = ch1exercise1.cpp; sourceTree = "<group>"; };
		1B35C1ED22FE5F1D006CDC0A /* main.h */ = {isa = PBXFileReference; lastKnownFileType = sourcecode.c.h; path = main.h; sourceTree = "<group>"; };
		1B35C1EE22FE601D006CDC0A /* ch1exercise2.cpp */ = {isa = PBXFileReference; lastKnownFileType = sourcecode.cpp.cpp; path = ch1exercise2.cpp; sourceTree = "<group>"; };
		1B35C1F122FE60EF006CDC0A /* ch1exercise3.cpp */ = {isa = PBXFileReference; lastKnownFileType = sourcecode.cpp.cpp; path = ch1exercise3.cpp; sourceTree = "<group>"; };
		1B35C1F32300F5B2006CDC0A /* notes.cpp */ = {isa = PBXFileReference; lastKnownFileType = sourcecode.cpp.cpp; path = notes.cpp; sourceTree = "<group>"; };
		1B35C1F42300F5B2006CDC0A /* notes.hpp */ = {isa = PBXFileReference; lastKnownFileType = sourcecode.cpp.h; path = notes.hpp; sourceTree = "<group>"; };
		1B35C1F62300FA61006CDC0A /* ch2example1.cpp */ = {isa = PBXFileReference; lastKnownFileType = sourcecode.cpp.cpp; path = ch2example1.cpp; sourceTree = "<group>"; };
		1B395ECB232AC67300BF72B4 /* ch5main.cpp */ = {isa = PBXFileReference; lastKnownFileType = sourcecode.cpp.cpp; path = ch5main.cpp; sourceTree = "<group>"; };
		1B395ECC232AC67300BF72B4 /* ch5main.hpp */ = {isa = PBXFileReference; lastKnownFileType = sourcecode.cpp.h; path = ch5main.hpp; sourceTree = "<group>"; };
		1B395ECD232AC68000BF72B4 /* ch5notes.cpp */ = {isa = PBXFileReference; lastKnownFileType = sourcecode.cpp.cpp; path = ch5notes.cpp; sourceTree = "<group>"; };
		1B395ECE232AC68F00BF72B4 /* ch5example1.cpp */ = {isa = PBXFileReference; lastKnownFileType = sourcecode.cpp.cpp; path = ch5example1.cpp; sourceTree = "<group>"; };
		1B395ECF232AD7B500BF72B4 /* ch5example2.cpp */ = {isa = PBXFileReference; lastKnownFileType = sourcecode.cpp.cpp; path = ch5example2.cpp; sourceTree = "<group>"; };
		1B395ED0232AE07900BF72B4 /* ch5example3.cpp */ = {isa = PBXFileReference; lastKnownFileType = sourcecode.cpp.cpp; path = ch5example3.cpp; sourceTree = "<group>"; };
		1B395ED1232C6F6D00BF72B4 /* ch5example4.cpp */ = {isa = PBXFileReference; lastKnownFileType = sourcecode.cpp.cpp; path = ch5example4.cpp; sourceTree = "<group>"; };
		1B395ED2232C7C0200BF72B4 /* ch5example5.cpp */ = {isa = PBXFileReference; lastKnownFileType = sourcecode.cpp.cpp; path = ch5example5.cpp; sourceTree = "<group>"; };
		1B395ED3232C7F6600BF72B4 /* ch5example6.cpp */ = {isa = PBXFileReference; lastKnownFileType = sourcecode.cpp.cpp; path = ch5example6.cpp; sourceTree = "<group>"; };
		1B395ED4232C819200BF72B4 /* ch5example7.cpp */ = {isa = PBXFileReference; lastKnownFileType = sourcecode.cpp.cpp; path = ch5example7.cpp; sourceTree = "<group>"; };
		1B395ED5232C851C00BF72B4 /* ch5example8.cpp */ = {isa = PBXFileReference; lastKnownFileType = sourcecode.cpp.cpp; path = ch5example8.cpp; sourceTree = "<group>"; };
		1B84E7E2230F203E00982E0F /* ch2example4.cpp */ = {isa = PBXFileReference; lastKnownFileType = sourcecode.cpp.cpp; path = ch2example4.cpp; sourceTree = "<group>"; };
		1B84E7E3230F25C700982E0F /* ch2example5.cpp */ = {isa = PBXFileReference; lastKnownFileType = sourcecode.cpp.cpp; path = ch2example5.cpp; sourceTree = "<group>"; };
		1B84E7E5230F335C00982E0F /* ch2exercise1.cpp */ = {isa = PBXFileReference; lastKnownFileType = sourcecode.cpp.cpp; path = ch2exercise1.cpp; sourceTree = "<group>"; };
		1B84E7E6230F335C00982E0F /* ch2exercise1.hpp */ = {isa = PBXFileReference; lastKnownFileType = sourcecode.cpp.h; path = ch2exercise1.hpp; sourceTree = "<group>"; };
		1B84E7EC230F359600982E0F /* ch2exercise2.cpp */ = {isa = PBXFileReference; lastKnownFileType = sourcecode.cpp.cpp; path = ch2exercise2.cpp; sourceTree = "<group>"; };
		1B84E7ED230F359600982E0F /* ch2exercise2.hpp */ = {isa = PBXFileReference; lastKnownFileType = sourcecode.cpp.h; path = ch2exercise2.hpp; sourceTree = "<group>"; };
		1B84E7EE230F35A100982E0F /* ch2exercise3.cpp */ = {isa = PBXFileReference; lastKnownFileType = sourcecode.cpp.cpp; path = ch2exercise3.cpp; sourceTree = "<group>"; };
		1B84E7EF230F35A100982E0F /* ch2exercise3.hpp */ = {isa = PBXFileReference; lastKnownFileType = sourcecode.cpp.h; path = ch2exercise3.hpp; sourceTree = "<group>"; };
		1B84E7F1230F35CF00982E0F /* ch2exercise4.cpp */ = {isa = PBXFileReference; lastKnownFileType = sourcecode.cpp.cpp; path = ch2exercise4.cpp; sourceTree = "<group>"; };
		1B84E7F2230F35CF00982E0F /* ch2exercise4.hpp */ = {isa = PBXFileReference; lastKnownFileType = sourcecode.cpp.h; path = ch2exercise4.hpp; sourceTree = "<group>"; };
		1B84E7F3230F383200982E0F /* ch2exercise5.cpp */ = {isa = PBXFileReference; lastKnownFileType = sourcecode.cpp.cpp; path = ch2exercise5.cpp; sourceTree = "<group>"; };
		1B84E7F4230F383200982E0F /* ch2exercise5.hpp */ = {isa = PBXFileReference; lastKnownFileType = sourcecode.cpp.h; path = ch2exercise5.hpp; sourceTree = "<group>"; };
		1B84E7F5230F392500982E0F /* ch2exercise6.cpp */ = {isa = PBXFileReference; lastKnownFileType = sourcecode.cpp.cpp; path = ch2exercise6.cpp; sourceTree = "<group>"; };
		1B84E7F6230F392500982E0F /* ch2exercise6.hpp */ = {isa = PBXFileReference; lastKnownFileType = sourcecode.cpp.h; path = ch2exercise6.hpp; sourceTree = "<group>"; };
		1BA66ECE233C0F7F00F10EC0 /* ch6example2.cpp */ = {isa = PBXFileReference; lastKnownFileType = sourcecode.cpp.cpp; path = ch6example2.cpp; sourceTree = "<group>"; };
		1BA66ECF2341A4E800F10EC0 /* ch6example3.cpp */ = {isa = PBXFileReference; lastKnownFileType = sourcecode.cpp.cpp; path = ch6example3.cpp; sourceTree = "<group>"; };
		1BB804842317624F00CD279A /* ch4example1.cpp */ = {isa = PBXFileReference; lastKnownFileType = sourcecode.cpp.cpp; path = ch4example1.cpp; sourceTree = "<group>"; };
		1BB8048523189BAF00CD279A /* ch4example2.cpp */ = {isa = PBXFileReference; lastKnownFileType = sourcecode.cpp.cpp; path = ch4example2.cpp; sourceTree = "<group>"; };
		1BB804872319C72400CD279A /* ch4example3.cpp */ = {isa = PBXFileReference; lastKnownFileType = sourcecode.cpp.cpp; path = ch4example3.cpp; sourceTree = "<group>"; };
		1BB804882319D49100CD279A /* ch4example4.cpp */ = {isa = PBXFileReference; lastKnownFileType = sourcecode.cpp.cpp; path = ch4example4.cpp; sourceTree = "<group>"; };
		1BB804892319DC7200CD279A /* ch4example5.cpp */ = {isa = PBXFileReference; lastKnownFileType = sourcecode.cpp.cpp; path = ch4example5.cpp; sourceTree = "<group>"; };
		1BB8048A2319EAEA00CD279A /* ch4example6.cpp */ = {isa = PBXFileReference; lastKnownFileType = sourcecode.cpp.cpp; path = ch4example6.cpp; sourceTree = "<group>"; };
		1BB8048B231F1E8F00CD279A /* ch4example7.cpp */ = {isa = PBXFileReference; lastKnownFileType = sourcecode.cpp.cpp; path = ch4example7.cpp; sourceTree = "<group>"; };
		1BB8048C231F211300CD279A /* ch4example8.cpp */ = {isa = PBXFileReference; lastKnownFileType = sourcecode.cpp.cpp; path = ch4example8.cpp; sourceTree = "<group>"; };
		1BB8048D231F282000CD279A /* ch4exercise1.cpp */ = {isa = PBXFileReference; lastKnownFileType = sourcecode.cpp.cpp; path = ch4exercise1.cpp; sourceTree = "<group>"; };
		1BB8048E231F283400CD279A /* ch4exercise2.cpp */ = {isa = PBXFileReference; lastKnownFileType = sourcecode.cpp.cpp; path = ch4exercise2.cpp; sourceTree = "<group>"; };
		1BB8048F231F283F00CD279A /* ch4exercise3.cpp */ = {isa = PBXFileReference; lastKnownFileType = sourcecode.cpp.cpp; path = ch4exercise3.cpp; sourceTree = "<group>"; };
		1BB80490231F284A00CD279A /* ch4exercise4.cpp */ = {isa = PBXFileReference; lastKnownFileType = sourcecode.cpp.cpp; path = ch4exercise4.cpp; sourceTree = "<group>"; };
		1BB80491231F285600CD279A /* ch4exercise5.cpp */ = {isa = PBXFileReference; lastKnownFileType = sourcecode.cpp.cpp; path = ch4exercise5.cpp; sourceTree = "<group>"; };
		1BB80492231F286100CD279A /* ch4exercise6.cpp */ = {isa = PBXFileReference; lastKnownFileType = sourcecode.cpp.cpp; path = ch4exercise6.cpp; sourceTree = "<group>"; };
		1BB80493231F286A00CD279A /* ch4exercise7.cpp */ = {isa = PBXFileReference; lastKnownFileType = sourcecode.cpp.cpp; path = ch4exercise7.cpp; sourceTree = "<group>"; };
		1BB80494231F2D7000CD279A /* ch4exercise8.cpp */ = {isa = PBXFileReference; lastKnownFileType = sourcecode.cpp.cpp; path = ch4exercise8.cpp; sourceTree = "<group>"; };
		1BD63794232D893F00BBA5B3 /* ch5example9.cpp */ = {isa = PBXFileReference; lastKnownFileType = sourcecode.cpp.cpp; path = ch5example9.cpp; sourceTree = "<group>"; };
		1BD63795232D997500BBA5B3 /* ch5example10.cpp */ = {isa = PBXFileReference; lastKnownFileType = sourcecode.cpp.cpp; path = ch5example10.cpp; sourceTree = "<group>"; };
		1BD63796233175E500BBA5B3 /* ch5example11.cpp */ = {isa = PBXFileReference; lastKnownFileType = sourcecode.cpp.cpp; path = ch5example11.cpp; sourceTree = "<group>"; };
		1BD637972331788900BBA5B3 /* ch5example12.cpp */ = {isa = PBXFileReference; lastKnownFileType = sourcecode.cpp.cpp; path = ch5example12.cpp; sourceTree = "<group>"; };
		1BD637982331808500BBA5B3 /* ch5example13.cpp */ = {isa = PBXFileReference; lastKnownFileType = sourcecode.cpp.cpp; path = ch5example13.cpp; sourceTree = "<group>"; };
		1BD637992331818100BBA5B3 /* ch5example14.cpp */ = {isa = PBXFileReference; lastKnownFileType = sourcecode.cpp.cpp; path = ch5example14.cpp; sourceTree = "<group>"; };
		1BD6379A2332D56F00BBA5B3 /* ch5example15.cpp */ = {isa = PBXFileReference; lastKnownFileType = sourcecode.cpp.cpp; path = ch5example15.cpp; sourceTree = "<group>"; };
		1BD6379E2332D7BF00BBA5B3 /* ch5exercise1.cpp */ = {isa = PBXFileReference; lastKnownFileType = sourcecode.cpp.cpp; path = ch5exercise1.cpp; sourceTree = "<group>"; };
		1BD6379F2332D7CC00BBA5B3 /* ch5exercise2.cpp */ = {isa = PBXFileReference; lastKnownFileType = sourcecode.cpp.cpp; path = ch5exercise2.cpp; sourceTree = "<group>"; };
		1BD637A02332D7DC00BBA5B3 /* ch5exercise3.cpp */ = {isa = PBXFileReference; lastKnownFileType = sourcecode.cpp.cpp; path = ch5exercise3.cpp; sourceTree = "<group>"; };
		1BD637A12332D7EC00BBA5B3 /* ch5exercise4.cpp */ = {isa = PBXFileReference; lastKnownFileType = sourcecode.cpp.cpp; path = ch5exercise4.cpp; sourceTree = "<group>"; };
		1BD637A22332D7F900BBA5B3 /* ch5exercise5.cpp */ = {isa = PBXFileReference; lastKnownFileType = sourcecode.cpp.cpp; path = ch5exercise5.cpp; sourceTree = "<group>"; };
		1BD637A32332D80800BBA5B3 /* ch5exercise6.cpp */ = {isa = PBXFileReference; lastKnownFileType = sourcecode.cpp.cpp; path = ch5exercise6.cpp; sourceTree = "<group>"; };
		1BD637A42332D81500BBA5B3 /* ch5exercise7.cpp */ = {isa = PBXFileReference; lastKnownFileType = sourcecode.cpp.cpp; path = ch5exercise7.cpp; sourceTree = "<group>"; };
		1BD637A52332D82700BBA5B3 /* ch5exercise8.cpp */ = {isa = PBXFileReference; lastKnownFileType = sourcecode.cpp.cpp; path = ch5exercise8.cpp; sourceTree = "<group>"; };
		1BD637A72336B63900BBA5B3 /* ch6main.cpp */ = {isa = PBXFileReference; lastKnownFileType = sourcecode.cpp.cpp; path = ch6main.cpp; sourceTree = "<group>"; };
		1BD637A82336B63900BBA5B3 /* ch6main.hpp */ = {isa = PBXFileReference; lastKnownFileType = sourcecode.cpp.h; path = ch6main.hpp; sourceTree = "<group>"; };
		1BD637A92336B65F00BBA5B3 /* ch6example1.cpp */ = {isa = PBXFileReference; lastKnownFileType = sourcecode.cpp.cpp; path = ch6example1.cpp; sourceTree = "<group>"; };
		1BD637AA2336B6A500BBA5B3 /* ch6notes.cpp */ = {isa = PBXFileReference; lastKnownFileType = sourcecode.cpp.cpp; path = ch6notes.cpp; sourceTree = "<group>"; };
		1BD98E0223109EB4002ABB73 /* bitwise-font-style.cpp */ = {isa = PBXFileReference; lastKnownFileType = sourcecode.cpp.cpp; path = "bitwise-font-style.cpp"; sourceTree = "<group>"; };
		1BD98E062310B04B002ABB73 /* README.md */ = {isa = PBXFileReference; lastKnownFileType = net.daringfireball.markdown; path = README.md; sourceTree = "<group>"; };
		1BD98E092310B79D002ABB73 /* ch3example1.cpp */ = {isa = PBXFileReference; lastKnownFileType = sourcecode.cpp.cpp; path = ch3example1.cpp; sourceTree = "<group>"; };
		1BD98E0F2310B8FF002ABB73 /* ch1main.cpp */ = {isa = PBXFileReference; lastKnownFileType = sourcecode.cpp.cpp; path = ch1main.cpp; sourceTree = "<group>"; };
		1BD98E102310B8FF002ABB73 /* ch1main.hpp */ = {isa = PBXFileReference; lastKnownFileType = sourcecode.cpp.h; path = ch1main.hpp; sourceTree = "<group>"; };
		1BD98E122310B922002ABB73 /* ch2main.cpp */ = {isa = PBXFileReference; lastKnownFileType = sourcecode.cpp.cpp; path = ch2main.cpp; sourceTree = "<group>"; };
		1BD98E132310B922002ABB73 /* ch2main.hpp */ = {isa = PBXFileReference; lastKnownFileType = sourcecode.cpp.h; path = ch2main.hpp; sourceTree = "<group>"; };
		1BD98E152310BA01002ABB73 /* ch3main.cpp */ = {isa = PBXFileReference; lastKnownFileType = sourcecode.cpp.cpp; path = ch3main.cpp; sourceTree = "<group>"; };
		1BD98E162310BA01002ABB73 /* ch3main.hpp */ = {isa = PBXFileReference; lastKnownFileType = sourcecode.cpp.h; path = ch3main.hpp; sourceTree = "<group>"; };
		1BD98E172310BAAF002ABB73 /* ch2notes.cpp */ = {isa = PBXFileReference; lastKnownFileType = sourcecode.cpp.cpp; path = ch2notes.cpp; sourceTree = "<group>"; };
		1BD98E182310BAAF002ABB73 /* ch2notes.hpp */ = {isa = PBXFileReference; lastKnownFileType = sourcecode.cpp.h; path = ch2notes.hpp; sourceTree = "<group>"; };
		1BD98E1C2311AA23002ABB73 /* ch3notes.cpp */ = {isa = PBXFileReference; lastKnownFileType = sourcecode.cpp.cpp; path = ch3notes.cpp; sourceTree = "<group>"; };
		1BD98E1F2311ADED002ABB73 /* ch3example2.cpp */ = {isa = PBXFileReference; lastKnownFileType = sourcecode.cpp.cpp; path = ch3example2.cpp; sourceTree = "<group>"; };
		1BD98E212311B47C002ABB73 /* ch3example3.cpp */ = {isa = PBXFileReference; lastKnownFileType = sourcecode.cpp.cpp; path = ch3example3.cpp; sourceTree = "<group>"; };
		1BD98E232311B96E002ABB73 /* ch3exercise1.cpp */ = {isa = PBXFileReference; lastKnownFileType = sourcecode.cpp.cpp; path = ch3exercise1.cpp; sourceTree = "<group>"; };
		1BD98E252311B977002ABB73 /* ch3exercise2.cpp */ = {isa = PBXFileReference; lastKnownFileType = sourcecode.cpp.cpp; path = ch3exercise2.cpp; sourceTree = "<group>"; };
		1BD98E282311B98D002ABB73 /* ch3exercise3.cpp */ = {isa = PBXFileReference; lastKnownFileType = sourcecode.cpp.cpp; path = ch3exercise3.cpp; sourceTree = "<group>"; };
		1BD98E2B2311B99B002ABB73 /* ch3exercise4.cpp */ = {isa = PBXFileReference; lastKnownFileType = sourcecode.cpp.cpp; path = ch3exercise4.cpp; sourceTree = "<group>"; };
		1BD98E2D2311B9AD002ABB73 /* ch3exercise5.cpp */ = {isa = PBXFileReference; lastKnownFileType = sourcecode.cpp.cpp; path = ch3exercise5.cpp; sourceTree = "<group>"; };
		1BD98E2F2311B9BC002ABB73 /* ch3exercise6.cpp */ = {isa = PBXFileReference; lastKnownFileType = sourcecode.cpp.cpp; path = ch3exercise6.cpp; sourceTree = "<group>"; };
		1BD98E332313534E002ABB73 /* ch4main.cpp */ = {isa = PBXFileReference; lastKnownFileType = sourcecode.cpp.cpp; path = ch4main.cpp; sourceTree = "<group>"; };
		1BD98E342313534E002ABB73 /* ch4main.hpp */ = {isa = PBXFileReference; lastKnownFileType = sourcecode.cpp.h; path = ch4main.hpp; sourceTree = "<group>"; };
		1BD98E352313535E002ABB73 /* ch4notes.cpp */ = {isa = PBXFileReference; lastKnownFileType = sourcecode.cpp.cpp; path = ch4notes.cpp; sourceTree = "<group>"; };
/* End PBXFileReference section */

/* Begin PBXFrameworksBuildPhase section */
		1B35C1DD22FE3502006CDC0A /* Frameworks */ = {
			isa = PBXFrameworksBuildPhase;
			buildActionMask = 2147483647;
			files = (
			);
			runOnlyForDeploymentPostprocessing = 0;
		};
/* End PBXFrameworksBuildPhase section */

/* Begin PBXGroup section */
		1B35C1D722FE3502006CDC0A = {
			isa = PBXGroup;
			children = (
				1BD98E062310B04B002ABB73 /* README.md */,
				1B35C1E222FE3502006CDC0A /* C++ Tests */,
				1B35C1E122FE3502006CDC0A /* Products */,
			);
			sourceTree = "<group>";
		};
		1B35C1E122FE3502006CDC0A /* Products */ = {
			isa = PBXGroup;
			children = (
				1B35C1E022FE3502006CDC0A /* C++ Tests */,
			);
			name = Products;
			sourceTree = "<group>";
		};
		1B35C1E222FE3502006CDC0A /* C++ Tests */ = {
			isa = PBXGroup;
			children = (
				1BD637A62336B60000BBA5B3 /* Chapter6 */,
				1B395ECA232AC65A00BF72B4 /* Chapter5 */,
				1BD98E322313533D002ABB73 /* Chapter4 */,
				1BD98E1B2310BFBA002ABB73 /* Chapter3 */,
				1B84E7E8230F348800982E0F /* Chapter2 */,
				1BD98E1A2310BF6B002ABB73 /* Chapter1 */,
				1B35C1E322FE3502006CDC0A /* main.cpp */,
				1B35C1ED22FE5F1D006CDC0A /* main.h */,
			);
			path = "C++ Tests";
			sourceTree = "<group>";
		};
		1B395ECA232AC65A00BF72B4 /* Chapter5 */ = {
			isa = PBXGroup;
			children = (
				1B395ECB232AC67300BF72B4 /* ch5main.cpp */,
				1B395ECC232AC67300BF72B4 /* ch5main.hpp */,
				1B395ECD232AC68000BF72B4 /* ch5notes.cpp */,
				1B395ECE232AC68F00BF72B4 /* ch5example1.cpp */,
				1B395ECF232AD7B500BF72B4 /* ch5example2.cpp */,
				1B395ED0232AE07900BF72B4 /* ch5example3.cpp */,
				1B395ED1232C6F6D00BF72B4 /* ch5example4.cpp */,
				1B395ED2232C7C0200BF72B4 /* ch5example5.cpp */,
				1B395ED3232C7F6600BF72B4 /* ch5example6.cpp */,
				1B395ED4232C819200BF72B4 /* ch5example7.cpp */,
				1B395ED5232C851C00BF72B4 /* ch5example8.cpp */,
				1BD63794232D893F00BBA5B3 /* ch5example9.cpp */,
				1BD63795232D997500BBA5B3 /* ch5example10.cpp */,
				1BD63796233175E500BBA5B3 /* ch5example11.cpp */,
				1BD637972331788900BBA5B3 /* ch5example12.cpp */,
				1BD637982331808500BBA5B3 /* ch5example13.cpp */,
				1BD637992331818100BBA5B3 /* ch5example14.cpp */,
				1BD6379A2332D56F00BBA5B3 /* ch5example15.cpp */,
				1BD6379E2332D7BF00BBA5B3 /* ch5exercise1.cpp */,
				1BD6379F2332D7CC00BBA5B3 /* ch5exercise2.cpp */,
				1BD637A02332D7DC00BBA5B3 /* ch5exercise3.cpp */,
				1BD637A12332D7EC00BBA5B3 /* ch5exercise4.cpp */,
				1BD637A22332D7F900BBA5B3 /* ch5exercise5.cpp */,
				1BD637A32332D80800BBA5B3 /* ch5exercise6.cpp */,
				1BD637A42332D81500BBA5B3 /* ch5exercise7.cpp */,
				1BD637A52332D82700BBA5B3 /* ch5exercise8.cpp */,
			);
			path = Chapter5;
			sourceTree = "<group>";
		};
		1B84E7E8230F348800982E0F /* Chapter2 */ = {
			isa = PBXGroup;
			children = (
				1BD98E122310B922002ABB73 /* ch2main.cpp */,
				1BD98E132310B922002ABB73 /* ch2main.hpp */,
				1BD98E172310BAAF002ABB73 /* ch2notes.cpp */,
				1BD98E182310BAAF002ABB73 /* ch2notes.hpp */,
				1B13CA81230CDD4000997E0A /* math.cpp */,
				1B13CA82230CDD4000997E0A /* math.hpp */,
				1B35C1F62300FA61006CDC0A /* ch2example1.cpp */,
				1B13CA7F230CCA0500997E0A /* ch2example2.cpp */,
				1B13CA80230CCA0500997E0A /* ch2example2.hpp */,
				1B13CA83230CDF5400997E0A /* ch2example3.cpp */,
				1B84E7E2230F203E00982E0F /* ch2example4.cpp */,
				1B84E7E3230F25C700982E0F /* ch2example5.cpp */,
				1B84E7E5230F335C00982E0F /* ch2exercise1.cpp */,
				1B84E7E6230F335C00982E0F /* ch2exercise1.hpp */,
				1B84E7EC230F359600982E0F /* ch2exercise2.cpp */,
				1B84E7ED230F359600982E0F /* ch2exercise2.hpp */,
				1B84E7EE230F35A100982E0F /* ch2exercise3.cpp */,
				1B84E7EF230F35A100982E0F /* ch2exercise3.hpp */,
				1B84E7F1230F35CF00982E0F /* ch2exercise4.cpp */,
				1B84E7F2230F35CF00982E0F /* ch2exercise4.hpp */,
				1B84E7F3230F383200982E0F /* ch2exercise5.cpp */,
				1B84E7F4230F383200982E0F /* ch2exercise5.hpp */,
				1B84E7F5230F392500982E0F /* ch2exercise6.cpp */,
				1B84E7F6230F392500982E0F /* ch2exercise6.hpp */,
			);
			path = Chapter2;
			sourceTree = "<group>";
		};
		1BD637A62336B60000BBA5B3 /* Chapter6 */ = {
			isa = PBXGroup;
			children = (
				1BD637A72336B63900BBA5B3 /* ch6main.cpp */,
				1BD637A82336B63900BBA5B3 /* ch6main.hpp */,
				1BD637A92336B65F00BBA5B3 /* ch6example1.cpp */,
				1BA66ECE233C0F7F00F10EC0 /* ch6example2.cpp */,
				1BA66ECF2341A4E800F10EC0 /* ch6example3.cpp */,
				1BD637AA2336B6A500BBA5B3 /* ch6notes.cpp */,
			);
			path = Chapter6;
			sourceTree = "<group>";
		};
		1BD98E1A2310BF6B002ABB73 /* Chapter1 */ = {
			isa = PBXGroup;
			children = (
				1B35C1F42300F5B2006CDC0A /* notes.hpp */,
				1B35C1F32300F5B2006CDC0A /* notes.cpp */,
				1B35C1EA22FE5CFD006CDC0A /* ch1exercise1.cpp */,
				1B35C1EE22FE601D006CDC0A /* ch1exercise2.cpp */,
				1B35C1F122FE60EF006CDC0A /* ch1exercise3.cpp */,
				1BD98E0F2310B8FF002ABB73 /* ch1main.cpp */,
				1BD98E102310B8FF002ABB73 /* ch1main.hpp */,
			);
			path = Chapter1;
			sourceTree = "<group>";
		};
		1BD98E1B2310BFBA002ABB73 /* Chapter3 */ = {
			isa = PBXGroup;
			children = (
				1BD98E152310BA01002ABB73 /* ch3main.cpp */,
				1BD98E162310BA01002ABB73 /* ch3main.hpp */,
				1BD98E1C2311AA23002ABB73 /* ch3notes.cpp */,
				1BD98E0223109EB4002ABB73 /* bitwise-font-style.cpp */,
				1BD98E092310B79D002ABB73 /* ch3example1.cpp */,
				1BD98E1F2311ADED002ABB73 /* ch3example2.cpp */,
				1BD98E212311B47C002ABB73 /* ch3example3.cpp */,
				1BD98E232311B96E002ABB73 /* ch3exercise1.cpp */,
				1BD98E252311B977002ABB73 /* ch3exercise2.cpp */,
				1BD98E282311B98D002ABB73 /* ch3exercise3.cpp */,
				1BD98E2B2311B99B002ABB73 /* ch3exercise4.cpp */,
				1BD98E2D2311B9AD002ABB73 /* ch3exercise5.cpp */,
				1BD98E2F2311B9BC002ABB73 /* ch3exercise6.cpp */,
			);
			path = Chapter3;
			sourceTree = "<group>";
		};
		1BD98E322313533D002ABB73 /* Chapter4 */ = {
			isa = PBXGroup;
			children = (
				1BD98E332313534E002ABB73 /* ch4main.cpp */,
				1BD98E342313534E002ABB73 /* ch4main.hpp */,
				1BD98E352313535E002ABB73 /* ch4notes.cpp */,
				1BB804842317624F00CD279A /* ch4example1.cpp */,
				1BB8048523189BAF00CD279A /* ch4example2.cpp */,
				1BB804872319C72400CD279A /* ch4example3.cpp */,
				1BB804882319D49100CD279A /* ch4example4.cpp */,
				1BB804892319DC7200CD279A /* ch4example5.cpp */,
				1BB8048A2319EAEA00CD279A /* ch4example6.cpp */,
				1BB8048B231F1E8F00CD279A /* ch4example7.cpp */,
				1BB8048C231F211300CD279A /* ch4example8.cpp */,
				1BB8048D231F282000CD279A /* ch4exercise1.cpp */,
				1BB8048E231F283400CD279A /* ch4exercise2.cpp */,
				1BB8048F231F283F00CD279A /* ch4exercise3.cpp */,
				1BB80490231F284A00CD279A /* ch4exercise4.cpp */,
				1BB80491231F285600CD279A /* ch4exercise5.cpp */,
				1BB80492231F286100CD279A /* ch4exercise6.cpp */,
				1BB80493231F286A00CD279A /* ch4exercise7.cpp */,
				1BB80494231F2D7000CD279A /* ch4exercise8.cpp */,
			);
			path = Chapter4;
			sourceTree = "<group>";
		};
/* End PBXGroup section */

/* Begin PBXNativeTarget section */
		1B35C1DF22FE3502006CDC0A /* C++ Tests */ = {
			isa = PBXNativeTarget;
			buildConfigurationList = 1B35C1E722FE3502006CDC0A /* Build configuration list for PBXNativeTarget "C++ Tests" */;
			buildPhases = (
				1B35C1DC22FE3502006CDC0A /* Sources */,
				1B35C1DD22FE3502006CDC0A /* Frameworks */,
				1B35C1DE22FE3502006CDC0A /* CopyFiles */,
			);
			buildRules = (
			);
			dependencies = (
			);
			name = "C++ Tests";
			productName = "C++ Tests";
			productReference = 1B35C1E022FE3502006CDC0A /* C++ Tests */;
			productType = "com.apple.product-type.tool";
		};
/* End PBXNativeTarget section */

/* Begin PBXProject section */
		1B35C1D822FE3502006CDC0A /* Project object */ = {
			isa = PBXProject;
			attributes = {
				LastUpgradeCheck = 1030;
				ORGANIZATIONNAME = Dennis;
				TargetAttributes = {
					1B35C1DF22FE3502006CDC0A = {
						CreatedOnToolsVersion = 10.3;
					};
				};
			};
			buildConfigurationList = 1B35C1DB22FE3502006CDC0A /* Build configuration list for PBXProject "C++ Tests" */;
			compatibilityVersion = "Xcode 9.3";
			developmentRegion = en;
			hasScannedForEncodings = 0;
			knownRegions = (
				en,
			);
			mainGroup = 1B35C1D722FE3502006CDC0A;
			productRefGroup = 1B35C1E122FE3502006CDC0A /* Products */;
			projectDirPath = "";
			projectRoot = "";
			targets = (
				1B35C1DF22FE3502006CDC0A /* C++ Tests */,
			);
		};
/* End PBXProject section */

/* Begin PBXSourcesBuildPhase section */
		1B35C1DC22FE3502006CDC0A /* Sources */ = {
			isa = PBXSourcesBuildPhase;
			buildActionMask = 2147483647;
			files = (
				1B35C1E422FE3502006CDC0A /* main.cpp in Sources */,
			);
			runOnlyForDeploymentPostprocessing = 0;
		};
/* End PBXSourcesBuildPhase section */

/* Begin XCBuildConfiguration section */
		1B35C1E522FE3502006CDC0A /* Debug */ = {
			isa = XCBuildConfiguration;
			buildSettings = {
				ALWAYS_SEARCH_USER_PATHS = NO;
				CLANG_ANALYZER_NONNULL = YES;
				CLANG_ANALYZER_NUMBER_OBJECT_CONVERSION = YES_AGGRESSIVE;
				CLANG_CXX_LANGUAGE_STANDARD = "gnu++14";
				CLANG_CXX_LIBRARY = "libc++";
				CLANG_ENABLE_MODULES = YES;
				CLANG_ENABLE_OBJC_ARC = YES;
				CLANG_ENABLE_OBJC_WEAK = YES;
				CLANG_WARN_BLOCK_CAPTURE_AUTORELEASING = YES;
				CLANG_WARN_BOOL_CONVERSION = YES;
				CLANG_WARN_COMMA = YES;
				CLANG_WARN_CONSTANT_CONVERSION = YES;
				CLANG_WARN_DEPRECATED_OBJC_IMPLEMENTATIONS = YES;
				CLANG_WARN_DIRECT_OBJC_ISA_USAGE = YES_ERROR;
				CLANG_WARN_DOCUMENTATION_COMMENTS = YES;
				CLANG_WARN_EMPTY_BODY = YES;
				CLANG_WARN_ENUM_CONVERSION = YES;
				CLANG_WARN_INFINITE_RECURSION = YES;
				CLANG_WARN_INT_CONVERSION = YES;
				CLANG_WARN_NON_LITERAL_NULL_CONVERSION = YES;
				CLANG_WARN_OBJC_IMPLICIT_RETAIN_SELF = YES;
				CLANG_WARN_OBJC_LITERAL_CONVERSION = YES;
				CLANG_WARN_OBJC_ROOT_CLASS = YES_ERROR;
				CLANG_WARN_RANGE_LOOP_ANALYSIS = YES;
				CLANG_WARN_STRICT_PROTOTYPES = YES;
				CLANG_WARN_SUSPICIOUS_MOVE = YES;
				CLANG_WARN_UNGUARDED_AVAILABILITY = YES_AGGRESSIVE;
				CLANG_WARN_UNREACHABLE_CODE = YES;
				CLANG_WARN__DUPLICATE_METHOD_MATCH = YES;
				CODE_SIGN_IDENTITY = "Mac Developer";
				COPY_PHASE_STRIP = NO;
				DEBUG_INFORMATION_FORMAT = dwarf;
				ENABLE_STRICT_OBJC_MSGSEND = YES;
				ENABLE_TESTABILITY = YES;
				GCC_C_LANGUAGE_STANDARD = gnu11;
				GCC_DYNAMIC_NO_PIC = NO;
				GCC_NO_COMMON_BLOCKS = YES;
				GCC_OPTIMIZATION_LEVEL = 0;
				GCC_PREPROCESSOR_DEFINITIONS = (
					"DEBUG=1",
					"$(inherited)",
				);
				GCC_WARN_64_TO_32_BIT_CONVERSION = YES;
				GCC_WARN_ABOUT_RETURN_TYPE = YES_ERROR;
				GCC_WARN_UNDECLARED_SELECTOR = YES;
				GCC_WARN_UNINITIALIZED_AUTOS = YES_AGGRESSIVE;
				GCC_WARN_UNUSED_FUNCTION = YES;
				GCC_WARN_UNUSED_VARIABLE = YES;
				MACOSX_DEPLOYMENT_TARGET = 10.14;
				MTL_ENABLE_DEBUG_INFO = INCLUDE_SOURCE;
				MTL_FAST_MATH = YES;
				ONLY_ACTIVE_ARCH = YES;
				SDKROOT = macosx;
			};
			name = Debug;
		};
		1B35C1E622FE3502006CDC0A /* Release */ = {
			isa = XCBuildConfiguration;
			buildSettings = {
				ALWAYS_SEARCH_USER_PATHS = NO;
				CLANG_ANALYZER_NONNULL = YES;
				CLANG_ANALYZER_NUMBER_OBJECT_CONVERSION = YES_AGGRESSIVE;
				CLANG_CXX_LANGUAGE_STANDARD = "gnu++14";
				CLANG_CXX_LIBRARY = "libc++";
				CLANG_ENABLE_MODULES = YES;
				CLANG_ENABLE_OBJC_ARC = YES;
				CLANG_ENABLE_OBJC_WEAK = YES;
				CLANG_WARN_BLOCK_CAPTURE_AUTORELEASING = YES;
				CLANG_WARN_BOOL_CONVERSION = YES;
				CLANG_WARN_COMMA = YES;
				CLANG_WARN_CONSTANT_CONVERSION = YES;
				CLANG_WARN_DEPRECATED_OBJC_IMPLEMENTATIONS = YES;
				CLANG_WARN_DIRECT_OBJC_ISA_USAGE = YES_ERROR;
				CLANG_WARN_DOCUMENTATION_COMMENTS = YES;
				CLANG_WARN_EMPTY_BODY = YES;
				CLANG_WARN_ENUM_CONVERSION = YES;
				CLANG_WARN_INFINITE_RECURSION = YES;
				CLANG_WARN_INT_CONVERSION = YES;
				CLANG_WARN_NON_LITERAL_NULL_CONVERSION = YES;
				CLANG_WARN_OBJC_IMPLICIT_RETAIN_SELF = YES;
				CLANG_WARN_OBJC_LITERAL_CONVERSION = YES;
				CLANG_WARN_OBJC_ROOT_CLASS = YES_ERROR;
				CLANG_WARN_RANGE_LOOP_ANALYSIS = YES;
				CLANG_WARN_STRICT_PROTOTYPES = YES;
				CLANG_WARN_SUSPICIOUS_MOVE = YES;
				CLANG_WARN_UNGUARDED_AVAILABILITY = YES_AGGRESSIVE;
				CLANG_WARN_UNREACHABLE_CODE = YES;
				CLANG_WARN__DUPLICATE_METHOD_MATCH = YES;
				CODE_SIGN_IDENTITY = "Mac Developer";
				COPY_PHASE_STRIP = NO;
				DEBUG_INFORMATION_FORMAT = "dwarf-with-dsym";
				ENABLE_NS_ASSERTIONS = NO;
				ENABLE_STRICT_OBJC_MSGSEND = YES;
				GCC_C_LANGUAGE_STANDARD = gnu11;
				GCC_NO_COMMON_BLOCKS = YES;
				GCC_WARN_64_TO_32_BIT_CONVERSION = YES;
				GCC_WARN_ABOUT_RETURN_TYPE = YES_ERROR;
				GCC_WARN_UNDECLARED_SELECTOR = YES;
				GCC_WARN_UNINITIALIZED_AUTOS = YES_AGGRESSIVE;
				GCC_WARN_UNUSED_FUNCTION = YES;
				GCC_WARN_UNUSED_VARIABLE = YES;
				MACOSX_DEPLOYMENT_TARGET = 10.14;
				MTL_ENABLE_DEBUG_INFO = NO;
				MTL_FAST_MATH = YES;
				SDKROOT = macosx;
			};
			name = Release;
		};
		1B35C1E822FE3502006CDC0A /* Debug */ = {
			isa = XCBuildConfiguration;
			buildSettings = {
				CLANG_CXX_LANGUAGE_STANDARD = "gnu++17";
				CODE_SIGN_STYLE = Automatic;
				DEVELOPMENT_TEAM = H4M23HDWUM;
				GCC_WARN_ABOUT_RETURN_TYPE = YES;
				PRODUCT_NAME = "$(TARGET_NAME)";
			};
			name = Debug;
		};
		1B35C1E922FE3502006CDC0A /* Release */ = {
			isa = XCBuildConfiguration;
			buildSettings = {
				CLANG_CXX_LANGUAGE_STANDARD = "gnu++17";
				CODE_SIGN_STYLE = Automatic;
				DEVELOPMENT_TEAM = H4M23HDWUM;
				GCC_WARN_ABOUT_RETURN_TYPE = YES;
				PRODUCT_NAME = "$(TARGET_NAME)";
			};
			name = Release;
		};
/* End XCBuildConfiguration section */

/* Begin XCConfigurationList section */
		1B35C1DB22FE3502006CDC0A /* Build configuration list for PBXProject "C++ Tests" */ = {
			isa = XCConfigurationList;
			buildConfigurations = (
				1B35C1E522FE3502006CDC0A /* Debug */,
				1B35C1E622FE3502006CDC0A /* Release */,
			);
			defaultConfigurationIsVisible = 0;
			defaultConfigurationName = Release;
		};
		1B35C1E722FE3502006CDC0A /* Build configuration list for PBXNativeTarget "C++ Tests" */ = {
			isa = XCConfigurationList;
			buildConfigurations = (
				1B35C1E822FE3502006CDC0A /* Debug */,
				1B35C1E922FE3502006CDC0A /* Release */,
			);
			defaultConfigurationIsVisible = 0;
			defaultConfigurationName = Release;
		};
/* End XCConfigurationList section */
	};
	rootObject = 1B35C1D822FE3502006CDC0A /* Project object */;
}
